
Microsoft Visual Studio Solution File, Format Version 12.00
# Visual Studio Version 17
VisualStudioVersion = 17.10.34928.147
MinimumVisualStudioVersion = 10.0.40219.1
Project("{FAE04EC0-301F-11D3-BF4B-00C04F79EFBC}") = "puzzle", "puzzle\puzzle.csproj", "{4E21215F-7D8B-4A06-B7F8-C981ADA2FBAF}"
EndProject
Global
	GlobalSection(SolutionConfigurationPlatforms) = preSolution
		Debug|Any CPU = Debug|Any CPU
		Release|Any CPU = Release|Any CPU
	EndGlobalSection
	GlobalSection(ProjectConfigurationPlatforms) = postSolution
		{4E21215F-7D8B-4A06-B7F8-C981ADA2FBAF}.Debug|Any CPU.ActiveCfg = Debug|Any CPU
		{4E21215F-7D8B-4A06-B7F8-C981ADA2FBAF}.Debug|Any CPU.Build.0 = Debug|Any CPU
		{4E21215F-7D8B-4A06-B7F8-C981ADA2FBAF}.Release|Any CPU.ActiveCfg = Release|Any CPU
		{4E21215F-7D8B-4A06-B7F8-C981ADA2FBAF}.Release|Any CPU.Build.0 = Release|Any CPU
	EndGlobalSection
	GlobalSection(SolutionProperties) = preSolution
		HideSolutionNode = FALSE
	EndGlobalSection
	GlobalSection(ExtensibilityGlobals) = postSolution
		SolutionGuid = {2667DCD4-4F44-4F72-96E9-06A6ADBC37E3}
	EndGlobalSection
EndGlobal
